
Microsoft Visual Studio Solution File, Format Version 12.00
# Visual Studio Version 17
VisualStudioVersion = 17.11.35312.102
MinimumVisualStudioVersion = 10.0.40219.1
Project("{FAE04EC0-301F-11D3-BF4B-00C04F79EFBC}") = "T01_doWhile", "T01_doWhile\T01_doWhile.csproj", "{884ED69D-4649-4B6C-BE0C-C58677C9F489}"
EndProject
Project("{2150E333-8FDC-42A3-9474-1A3956D46DE8}") = "Teoria", "Teoria", "{A49FE2D4-577E-4D7B-B65E-B06651443FC6}"
EndProject
Project("{FAE04EC0-301F-11D3-BF4B-00C04F79EFBC}") = "T02_for", "T02_for\T02_for.csproj", "{FF820CBE-9E29-48B6-B430-95E5F84CE5E5}"
EndProject
Project("{FAE04EC0-301F-11D3-BF4B-00C04F79EFBC}") = "T03_variableLocal", "T03_variableLocal\T03_variableLocal.csproj", "{7A35AE68-7AD3-4C32-B669-D9E5E5CF4DF6}"
EndProject
Project("{FAE04EC0-301F-11D3-BF4B-00C04F79EFBC}") = "T04_operadorBreak", "T04_operadorBreak\T04_operadorBreak.csproj", "{96DB6361-66FF-4293-A419-F6AA0475C5E7}"
EndProject
Project("{FAE04EC0-301F-11D3-BF4B-00C04F79EFBC}") = "T05_operadorContinue", "T05_operadorContinue\T05_operadorContinue.csproj", "{48002544-3166-4544-8912-3F15BA831891}"
EndProject
Project("{2150E333-8FDC-42A3-9474-1A3956D46DE8}") = "Laboratorio", "Laboratorio", "{0CA1E28B-6827-42D1-9173-91EF1295BC81}"
EndProject
Project("{FAE04EC0-301F-11D3-BF4B-00C04F79EFBC}") = "LAB01_EJ01", "LAB01_EJ01\LAB01_EJ01.csproj", "{38585598-DD85-4B03-9C5B-9DFFE08DD83D}"
EndProject
Project("{FAE04EC0-301F-11D3-BF4B-00C04F79EFBC}") = "LAB01_EJ02", "LAB01_EJ02\LAB01_EJ02.csproj", "{FB2B94FD-2E77-4922-8CA9-5945AA679EC9}"
EndProject
Project("{FAE04EC0-301F-11D3-BF4B-00C04F79EFBC}") = "LAB01_EJ03", "LAB01_EJ03\LAB01_EJ03.csproj", "{67E26835-17F8-4048-821F-B23FC0ABE3C5}"
EndProject
Project("{FAE04EC0-301F-11D3-BF4B-00C04F79EFBC}") = "LAB01_EJ04", "LAB01_EJ04\LAB01_EJ04.csproj", "{8B8B1AE3-B18A-46DF-8D22-D13760E42399}"
EndProject
Project("{FAE04EC0-301F-11D3-BF4B-00C04F79EFBC}") = "LAB01_EJ05", "LAB01_EJ05\LAB01_EJ05.csproj", "{17694D62-A637-41C0-A2AD-DAB78A365A5C}"
EndProject
Project("{FAE04EC0-301F-11D3-BF4B-00C04F79EFBC}") = "LAB01_EJ06", "LAB01_EJ06\LAB01_EJ06.csproj", "{2CB4791D-A2A6-4EFD-8BEB-D1744D442F52}"
EndProject
Project("{FAE04EC0-301F-11D3-BF4B-00C04F79EFBC}") = "LAB01_EJ07", "LAB01_EJ07\LAB01_EJ07.csproj", "{381E86E8-6D74-4087-BAB9-FD561D640F4E}"
EndProject
Project("{FAE04EC0-301F-11D3-BF4B-00C04F79EFBC}") = "LAB01_EJ08", "LAB01_EJ08\LAB01_EJ08.csproj", "{E012C4CF-9B8C-4721-9D51-6DCEB85D078A}"
EndProject
Project("{FAE04EC0-301F-11D3-BF4B-00C04F79EFBC}") = "LAB01_EJ09", "LAB01_EJ09\LAB01_EJ09.csproj", "{794920FA-CD75-4557-8F1A-50D531E95A32}"
EndProject
Project("{FAE04EC0-301F-11D3-BF4B-00C04F79EFBC}") = "LAB01_EJ10", "LAB01_EJ10\LAB01_EJ10.csproj", "{41E10B07-3714-4AEC-85A9-A6FA13A45A07}"
EndProject
Global
	GlobalSection(SolutionConfigurationPlatforms) = preSolution
		Debug|Any CPU = Debug|Any CPU
		Release|Any CPU = Release|Any CPU
	EndGlobalSection
	GlobalSection(ProjectConfigurationPlatforms) = postSolution
		{884ED69D-4649-4B6C-BE0C-C58677C9F489}.Debug|Any CPU.ActiveCfg = Debug|Any CPU
		{884ED69D-4649-4B6C-BE0C-C58677C9F489}.Debug|Any CPU.Build.0 = Debug|Any CPU
		{884ED69D-4649-4B6C-BE0C-C58677C9F489}.Release|Any CPU.ActiveCfg = Release|Any CPU
		{884ED69D-4649-4B6C-BE0C-C58677C9F489}.Release|Any CPU.Build.0 = Release|Any CPU
		{FF820CBE-9E29-48B6-B430-95E5F84CE5E5}.Debug|Any CPU.ActiveCfg = Debug|Any CPU
		{FF820CBE-9E29-48B6-B430-95E5F84CE5E5}.Debug|Any CPU.Build.0 = Debug|Any CPU
		{FF820CBE-9E29-48B6-B430-95E5F84CE5E5}.Release|Any CPU.ActiveCfg = Release|Any CPU
		{FF820CBE-9E29-48B6-B430-95E5F84CE5E5}.Release|Any CPU.Build.0 = Release|Any CPU
		{7A35AE68-7AD3-4C32-B669-D9E5E5CF4DF6}.Debug|Any CPU.ActiveCfg = Debug|Any CPU
		{7A35AE68-7AD3-4C32-B669-D9E5E5CF4DF6}.Debug|Any CPU.Build.0 = Debug|Any CPU
		{7A35AE68-7AD3-4C32-B669-D9E5E5CF4DF6}.Release|Any CPU.ActiveCfg = Release|Any CPU
		{7A35AE68-7AD3-4C32-B669-D9E5E5CF4DF6}.Release|Any CPU.Build.0 = Release|Any CPU
		{96DB6361-66FF-4293-A419-F6AA0475C5E7}.Debug|Any CPU.ActiveCfg = Debug|Any CPU
		{96DB6361-66FF-4293-A419-F6AA0475C5E7}.Debug|Any CPU.Build.0 = Debug|Any CPU
		{96DB6361-66FF-4293-A419-F6AA0475C5E7}.Release|Any CPU.ActiveCfg = Release|Any CPU
		{96DB6361-66FF-4293-A419-F6AA0475C5E7}.Release|Any CPU.Build.0 = Release|Any CPU
		{48002544-3166-4544-8912-3F15BA831891}.Debug|Any CPU.ActiveCfg = Debug|Any CPU
		{48002544-3166-4544-8912-3F15BA831891}.Debug|Any CPU.Build.0 = Debug|Any CPU
		{48002544-3166-4544-8912-3F15BA831891}.Release|Any CPU.ActiveCfg = Release|Any CPU
		{48002544-3166-4544-8912-3F15BA831891}.Release|Any CPU.Build.0 = Release|Any CPU
		{38585598-DD85-4B03-9C5B-9DFFE08DD83D}.Debug|Any CPU.ActiveCfg = Debug|Any CPU
		{38585598-DD85-4B03-9C5B-9DFFE08DD83D}.Debug|Any CPU.Build.0 = Debug|Any CPU
		{38585598-DD85-4B03-9C5B-9DFFE08DD83D}.Release|Any CPU.ActiveCfg = Release|Any CPU
		{38585598-DD85-4B03-9C5B-9DFFE08DD83D}.Release|Any CPU.Build.0 = Release|Any CPU
		{FB2B94FD-2E77-4922-8CA9-5945AA679EC9}.Debug|Any CPU.ActiveCfg = Debug|Any CPU
		{FB2B94FD-2E77-4922-8CA9-5945AA679EC9}.Debug|Any CPU.Build.0 = Debug|Any CPU
		{FB2B94FD-2E77-4922-8CA9-5945AA679EC9}.Release|Any CPU.ActiveCfg = Release|Any CPU
		{FB2B94FD-2E77-4922-8CA9-5945AA679EC9}.Release|Any CPU.Build.0 = Release|Any CPU
		{67E26835-17F8-4048-821F-B23FC0ABE3C5}.Debug|Any CPU.ActiveCfg = Debug|Any CPU
		{67E26835-17F8-4048-821F-B23FC0ABE3C5}.Debug|Any CPU.Build.0 = Debug|Any CPU
		{67E26835-17F8-4048-821F-B23FC0ABE3C5}.Release|Any CPU.ActiveCfg = Release|Any CPU
		{67E26835-17F8-4048-821F-B23FC0ABE3C5}.Release|Any CPU.Build.0 = Release|Any CPU
		{8B8B1AE3-B18A-46DF-8D22-D13760E42399}.Debug|Any CPU.ActiveCfg = Debug|Any CPU
		{8B8B1AE3-B18A-46DF-8D22-D13760E42399}.Debug|Any CPU.Build.0 = Debug|Any CPU
		{8B8B1AE3-B18A-46DF-8D22-D13760E42399}.Release|Any CPU.ActiveCfg = Release|Any CPU
		{8B8B1AE3-B18A-46DF-8D22-D13760E42399}.Release|Any CPU.Build.0 = Release|Any CPU
		{17694D62-A637-41C0-A2AD-DAB78A365A5C}.Debug|Any CPU.ActiveCfg = Debug|Any CPU
		{17694D62-A637-41C0-A2AD-DAB78A365A5C}.Debug|Any CPU.Build.0 = Debug|Any CPU
		{17694D62-A637-41C0-A2AD-DAB78A365A5C}.Release|Any CPU.ActiveCfg = Release|Any CPU
		{17694D62-A637-41C0-A2AD-DAB78A365A5C}.Release|Any CPU.Build.0 = Release|Any CPU
		{2CB4791D-A2A6-4EFD-8BEB-D1744D442F52}.Debug|Any CPU.ActiveCfg = Debug|Any CPU
		{2CB4791D-A2A6-4EFD-8BEB-D1744D442F52}.Debug|Any CPU.Build.0 = Debug|Any CPU
		{2CB4791D-A2A6-4EFD-8BEB-D1744D442F52}.Release|Any CPU.ActiveCfg = Release|Any CPU
		{2CB4791D-A2A6-4EFD-8BEB-D1744D442F52}.Release|Any CPU.Build.0 = Release|Any CPU
		{381E86E8-6D74-4087-BAB9-FD561D640F4E}.Debug|Any CPU.ActiveCfg = Debug|Any CPU
		{381E86E8-6D74-4087-BAB9-FD561D640F4E}.Debug|Any CPU.Build.0 = Debug|Any CPU
		{381E86E8-6D74-4087-BAB9-FD561D640F4E}.Release|Any CPU.ActiveCfg = Release|Any CPU
		{381E86E8-6D74-4087-BAB9-FD561D640F4E}.Release|Any CPU.Build.0 = Release|Any CPU
		{E012C4CF-9B8C-4721-9D51-6DCEB85D078A}.Debug|Any CPU.ActiveCfg = Debug|Any CPU
		{E012C4CF-9B8C-4721-9D51-6DCEB85D078A}.Debug|Any CPU.Build.0 = Debug|Any CPU
		{E012C4CF-9B8C-4721-9D51-6DCEB85D078A}.Release|Any CPU.ActiveCfg = Release|Any CPU
		{E012C4CF-9B8C-4721-9D51-6DCEB85D078A}.Release|Any CPU.Build.0 = Release|Any CPU
		{794920FA-CD75-4557-8F1A-50D531E95A32}.Debug|Any CPU.ActiveCfg = Debug|Any CPU
		{794920FA-CD75-4557-8F1A-50D531E95A32}.Debug|Any CPU.Build.0 = Debug|Any CPU
		{794920FA-CD75-4557-8F1A-50D531E95A32}.Release|Any CPU.ActiveCfg = Release|Any CPU
		{794920FA-CD75-4557-8F1A-50D531E95A32}.Release|Any CPU.Build.0 = Release|Any CPU
		{41E10B07-3714-4AEC-85A9-A6FA13A45A07}.Debug|Any CPU.ActiveCfg = Debug|Any CPU
		{41E10B07-3714-4AEC-85A9-A6FA13A45A07}.Debug|Any CPU.Build.0 = Debug|Any CPU
		{41E10B07-3714-4AEC-85A9-A6FA13A45A07}.Release|Any CPU.ActiveCfg = Release|Any CPU
		{41E10B07-3714-4AEC-85A9-A6FA13A45A07}.Release|Any CPU.Build.0 = Release|Any CPU
	EndGlobalSection
	GlobalSection(SolutionProperties) = preSolution
		HideSolutionNode = FALSE
	EndGlobalSection
	GlobalSection(NestedProjects) = preSolution
		{884ED69D-4649-4B6C-BE0C-C58677C9F489} = {A49FE2D4-577E-4D7B-B65E-B06651443FC6}
		{FF820CBE-9E29-48B6-B430-95E5F84CE5E5} = {A49FE2D4-577E-4D7B-B65E-B06651443FC6}
		{7A35AE68-7AD3-4C32-B669-D9E5E5CF4DF6} = {A49FE2D4-577E-4D7B-B65E-B06651443FC6}
		{96DB6361-66FF-4293-A419-F6AA0475C5E7} = {A49FE2D4-577E-4D7B-B65E-B06651443FC6}
		{48002544-3166-4544-8912-3F15BA831891} = {A49FE2D4-577E-4D7B-B65E-B06651443FC6}
		{38585598-DD85-4B03-9C5B-9DFFE08DD83D} = {0CA1E28B-6827-42D1-9173-91EF1295BC81}
		{FB2B94FD-2E77-4922-8CA9-5945AA679EC9} = {0CA1E28B-6827-42D1-9173-91EF1295BC81}
		{67E26835-17F8-4048-821F-B23FC0ABE3C5} = {0CA1E28B-6827-42D1-9173-91EF1295BC81}
		{8B8B1AE3-B18A-46DF-8D22-D13760E42399} = {0CA1E28B-6827-42D1-9173-91EF1295BC81}
		{17694D62-A637-41C0-A2AD-DAB78A365A5C} = {0CA1E28B-6827-42D1-9173-91EF1295BC81}
		{2CB4791D-A2A6-4EFD-8BEB-D1744D442F52} = {0CA1E28B-6827-42D1-9173-91EF1295BC81}
		{381E86E8-6D74-4087-BAB9-FD561D640F4E} = {0CA1E28B-6827-42D1-9173-91EF1295BC81}
		{E012C4CF-9B8C-4721-9D51-6DCEB85D078A} = {0CA1E28B-6827-42D1-9173-91EF1295BC81}
		{794920FA-CD75-4557-8F1A-50D531E95A32} = {0CA1E28B-6827-42D1-9173-91EF1295BC81}
		{41E10B07-3714-4AEC-85A9-A6FA13A45A07} = {0CA1E28B-6827-42D1-9173-91EF1295BC81}
	EndGlobalSection
	GlobalSection(ExtensibilityGlobals) = postSolution
		SolutionGuid = {D08F15B0-127E-4C8C-B571-D4E709E2A0A5}
	EndGlobalSection
EndGlobal
