
Microsoft Visual Studio Solution File, Format Version 12.00
# Visual Studio Version 17
VisualStudioVersion = 17.11.35312.102
MinimumVisualStudioVersion = 10.0.40219.1
Project("{FAE04EC0-301F-11D3-BF4B-00C04F79EFBC}") = "T01_holaMundo", "T01_holaMundo\T01_holaMundo.csproj", "{159119C5-8B71-4A62-83D2-0C19E054D550}"
EndProject
Project("{2150E333-8FDC-42A3-9474-1A3956D46DE8}") = "Teoria", "Teoria", "{582D82DE-3E13-491D-88FE-1484247B59FF}"
EndProject
Project("{FAE04EC0-301F-11D3-BF4B-00C04F79EFBC}") = "T02_variables", "T02_variables\T02_variables.csproj", "{C54EB89B-963A-44C4-A71D-2498028C07FB}"
EndProject
Project("{FAE04EC0-301F-11D3-BF4B-00C04F79EFBC}") = "T03_constante", "T03_constante\T03_constante.csproj", "{97F088F6-BDA2-442B-8A55-064D501619DD}"
EndProject
Project("{2150E333-8FDC-42A3-9474-1A3956D46DE8}") = "Laboratorio", "Laboratorio", "{E6571D27-D772-41C9-BAB4-06B1EE634CF9}"
EndProject
Project("{FAE04EC0-301F-11D3-BF4B-00C04F79EFBC}") = "LAB01_EJ01", "LAB01_EJ01\LAB01_EJ01.csproj", "{2E52E4EA-02BC-428D-BC70-CA7FEE5F2FF1}"
EndProject
Project("{FAE04EC0-301F-11D3-BF4B-00C04F79EFBC}") = "LAB01_EJ02", "LAB02_EJ02\LAB01_EJ02.csproj", "{6E009040-BD88-4F30-8431-72381EBD8743}"
EndProject
Project("{FAE04EC0-301F-11D3-BF4B-00C04F79EFBC}") = "LAB02_EJ01", "LAB02_EJ01\LAB02_EJ01.csproj", "{A0E38DC9-C367-44FB-A736-EA0180FA1B89}"
EndProject
Project("{FAE04EC0-301F-11D3-BF4B-00C04F79EFBC}") = "LAB02_EJ02", "LAB02_EJ02\LAB02_EJ02.csproj", "{7F902F82-3B2C-4A57-960D-6136A30EF05B}"
EndProject
Project("{FAE04EC0-301F-11D3-BF4B-00C04F79EFBC}") = "LAB02_EJ03", "LAB02_EJ03\LAB02_EJ03.csproj", "{356DA82F-CB95-4F8D-BEDB-7C27AD74F7D9}"
EndProject
Project("{FAE04EC0-301F-11D3-BF4B-00C04F79EFBC}") = "LAB02_EJ04", "LAB02_EJ04\LAB02_EJ04.csproj", "{B1141133-D998-41E9-94BE-12FF54A56CD2}"
EndProject
Project("{FAE04EC0-301F-11D3-BF4B-00C04F79EFBC}") = "LAB02_EJ05", "LAB02_EJ05\LAB02_EJ05.csproj", "{F25F840D-6DCC-4258-AAB6-BA04086565AE}"
EndProject
Project("{FAE04EC0-301F-11D3-BF4B-00C04F79EFBC}") = "LAB02_EJ06", "LAB02_EJ06\LAB02_EJ06.csproj", "{B49B21D9-EEA7-46E5-9129-EF7136EA0DD5}"
EndProject
Project("{FAE04EC0-301F-11D3-BF4B-00C04F79EFBC}") = "LAB02_EJ07", "LAB02_EJ07\LAB02_EJ07.csproj", "{320725D7-C81F-4FA4-9C4F-CBAA7E1C373C}"
EndProject
Project("{FAE04EC0-301F-11D3-BF4B-00C04F79EFBC}") = "LAB03_EJ01", "LAB03_EJ01\LAB03_EJ01.csproj", "{A0A396CA-471D-4ED2-AF27-6232FA9822D8}"
EndProject
Project("{FAE04EC0-301F-11D3-BF4B-00C04F79EFBC}") = "LAB03_EJ02", "LAB03_EJ02\LAB03_EJ02.csproj", "{6AB56BB8-1ACA-4BC3-9BAA-0296A466A55D}"
EndProject
Project("{2150E333-8FDC-42A3-9474-1A3956D46DE8}") = "Desafios", "Desafios", "{58FDBCDA-B651-4229-A467-EBE0833C8D89}"
EndProject
Project("{FAE04EC0-301F-11D3-BF4B-00C04F79EFBC}") = "Desafio_01", "Desafio_01\Desafio_01.csproj", "{06662893-9329-4050-AF9B-28BBD7175780}"
EndProject
Project("{FAE04EC0-301F-11D3-BF4B-00C04F79EFBC}") = "Desafio_02", "Desafio_02\Desafio_02.csproj", "{EA042EE3-C4BF-4B59-BC5A-D06346A06706}"
EndProject
Project("{FAE04EC0-301F-11D3-BF4B-00C04F79EFBC}") = "Desafio_03", "Desafio_03\Desafio_03.csproj", "{A2870CE4-7765-460B-8441-5F81CAA72FD6}"
EndProject
Global
	GlobalSection(SolutionConfigurationPlatforms) = preSolution
		Debug|Any CPU = Debug|Any CPU
		Release|Any CPU = Release|Any CPU
	EndGlobalSection
	GlobalSection(ProjectConfigurationPlatforms) = postSolution
		{159119C5-8B71-4A62-83D2-0C19E054D550}.Debug|Any CPU.ActiveCfg = Debug|Any CPU
		{159119C5-8B71-4A62-83D2-0C19E054D550}.Debug|Any CPU.Build.0 = Debug|Any CPU
		{159119C5-8B71-4A62-83D2-0C19E054D550}.Release|Any CPU.ActiveCfg = Release|Any CPU
		{159119C5-8B71-4A62-83D2-0C19E054D550}.Release|Any CPU.Build.0 = Release|Any CPU
		{C54EB89B-963A-44C4-A71D-2498028C07FB}.Debug|Any CPU.ActiveCfg = Debug|Any CPU
		{C54EB89B-963A-44C4-A71D-2498028C07FB}.Debug|Any CPU.Build.0 = Debug|Any CPU
		{C54EB89B-963A-44C4-A71D-2498028C07FB}.Release|Any CPU.ActiveCfg = Release|Any CPU
		{C54EB89B-963A-44C4-A71D-2498028C07FB}.Release|Any CPU.Build.0 = Release|Any CPU
		{97F088F6-BDA2-442B-8A55-064D501619DD}.Debug|Any CPU.ActiveCfg = Debug|Any CPU
		{97F088F6-BDA2-442B-8A55-064D501619DD}.Debug|Any CPU.Build.0 = Debug|Any CPU
		{97F088F6-BDA2-442B-8A55-064D501619DD}.Release|Any CPU.ActiveCfg = Release|Any CPU
		{97F088F6-BDA2-442B-8A55-064D501619DD}.Release|Any CPU.Build.0 = Release|Any CPU
		{2E52E4EA-02BC-428D-BC70-CA7FEE5F2FF1}.Debug|Any CPU.ActiveCfg = Debug|Any CPU
		{2E52E4EA-02BC-428D-BC70-CA7FEE5F2FF1}.Debug|Any CPU.Build.0 = Debug|Any CPU
		{2E52E4EA-02BC-428D-BC70-CA7FEE5F2FF1}.Release|Any CPU.ActiveCfg = Release|Any CPU
		{2E52E4EA-02BC-428D-BC70-CA7FEE5F2FF1}.Release|Any CPU.Build.0 = Release|Any CPU
		{6E009040-BD88-4F30-8431-72381EBD8743}.Debug|Any CPU.ActiveCfg = Debug|Any CPU
		{6E009040-BD88-4F30-8431-72381EBD8743}.Debug|Any CPU.Build.0 = Debug|Any CPU
		{6E009040-BD88-4F30-8431-72381EBD8743}.Release|Any CPU.ActiveCfg = Release|Any CPU
		{6E009040-BD88-4F30-8431-72381EBD8743}.Release|Any CPU.Build.0 = Release|Any CPU
		{A0E38DC9-C367-44FB-A736-EA0180FA1B89}.Debug|Any CPU.ActiveCfg = Debug|Any CPU
		{A0E38DC9-C367-44FB-A736-EA0180FA1B89}.Debug|Any CPU.Build.0 = Debug|Any CPU
		{A0E38DC9-C367-44FB-A736-EA0180FA1B89}.Release|Any CPU.ActiveCfg = Release|Any CPU
		{A0E38DC9-C367-44FB-A736-EA0180FA1B89}.Release|Any CPU.Build.0 = Release|Any CPU
		{7F902F82-3B2C-4A57-960D-6136A30EF05B}.Debug|Any CPU.ActiveCfg = Debug|Any CPU
		{7F902F82-3B2C-4A57-960D-6136A30EF05B}.Debug|Any CPU.Build.0 = Debug|Any CPU
		{7F902F82-3B2C-4A57-960D-6136A30EF05B}.Release|Any CPU.ActiveCfg = Release|Any CPU
		{7F902F82-3B2C-4A57-960D-6136A30EF05B}.Release|Any CPU.Build.0 = Release|Any CPU
		{356DA82F-CB95-4F8D-BEDB-7C27AD74F7D9}.Debug|Any CPU.ActiveCfg = Debug|Any CPU
		{356DA82F-CB95-4F8D-BEDB-7C27AD74F7D9}.Debug|Any CPU.Build.0 = Debug|Any CPU
		{356DA82F-CB95-4F8D-BEDB-7C27AD74F7D9}.Release|Any CPU.ActiveCfg = Release|Any CPU
		{356DA82F-CB95-4F8D-BEDB-7C27AD74F7D9}.Release|Any CPU.Build.0 = Release|Any CPU
		{B1141133-D998-41E9-94BE-12FF54A56CD2}.Debug|Any CPU.ActiveCfg = Debug|Any CPU
		{B1141133-D998-41E9-94BE-12FF54A56CD2}.Debug|Any CPU.Build.0 = Debug|Any CPU
		{B1141133-D998-41E9-94BE-12FF54A56CD2}.Release|Any CPU.ActiveCfg = Release|Any CPU
		{B1141133-D998-41E9-94BE-12FF54A56CD2}.Release|Any CPU.Build.0 = Release|Any CPU
		{F25F840D-6DCC-4258-AAB6-BA04086565AE}.Debug|Any CPU.ActiveCfg = Debug|Any CPU
		{F25F840D-6DCC-4258-AAB6-BA04086565AE}.Debug|Any CPU.Build.0 = Debug|Any CPU
		{F25F840D-6DCC-4258-AAB6-BA04086565AE}.Release|Any CPU.ActiveCfg = Release|Any CPU
		{F25F840D-6DCC-4258-AAB6-BA04086565AE}.Release|Any CPU.Build.0 = Release|Any CPU
		{B49B21D9-EEA7-46E5-9129-EF7136EA0DD5}.Debug|Any CPU.ActiveCfg = Debug|Any CPU
		{B49B21D9-EEA7-46E5-9129-EF7136EA0DD5}.Debug|Any CPU.Build.0 = Debug|Any CPU
		{B49B21D9-EEA7-46E5-9129-EF7136EA0DD5}.Release|Any CPU.ActiveCfg = Release|Any CPU
		{B49B21D9-EEA7-46E5-9129-EF7136EA0DD5}.Release|Any CPU.Build.0 = Release|Any CPU
		{320725D7-C81F-4FA4-9C4F-CBAA7E1C373C}.Debug|Any CPU.ActiveCfg = Debug|Any CPU
		{320725D7-C81F-4FA4-9C4F-CBAA7E1C373C}.Debug|Any CPU.Build.0 = Debug|Any CPU
		{320725D7-C81F-4FA4-9C4F-CBAA7E1C373C}.Release|Any CPU.ActiveCfg = Release|Any CPU
		{320725D7-C81F-4FA4-9C4F-CBAA7E1C373C}.Release|Any CPU.Build.0 = Release|Any CPU
		{A0A396CA-471D-4ED2-AF27-6232FA9822D8}.Debug|Any CPU.ActiveCfg = Debug|Any CPU
		{A0A396CA-471D-4ED2-AF27-6232FA9822D8}.Debug|Any CPU.Build.0 = Debug|Any CPU
		{A0A396CA-471D-4ED2-AF27-6232FA9822D8}.Release|Any CPU.ActiveCfg = Release|Any CPU
		{A0A396CA-471D-4ED2-AF27-6232FA9822D8}.Release|Any CPU.Build.0 = Release|Any CPU
		{6AB56BB8-1ACA-4BC3-9BAA-0296A466A55D}.Debug|Any CPU.ActiveCfg = Debug|Any CPU
		{6AB56BB8-1ACA-4BC3-9BAA-0296A466A55D}.Debug|Any CPU.Build.0 = Debug|Any CPU
		{6AB56BB8-1ACA-4BC3-9BAA-0296A466A55D}.Release|Any CPU.ActiveCfg = Release|Any CPU
		{6AB56BB8-1ACA-4BC3-9BAA-0296A466A55D}.Release|Any CPU.Build.0 = Release|Any CPU
		{06662893-9329-4050-AF9B-28BBD7175780}.Debug|Any CPU.ActiveCfg = Debug|Any CPU
		{06662893-9329-4050-AF9B-28BBD7175780}.Debug|Any CPU.Build.0 = Debug|Any CPU
		{06662893-9329-4050-AF9B-28BBD7175780}.Release|Any CPU.ActiveCfg = Release|Any CPU
		{06662893-9329-4050-AF9B-28BBD7175780}.Release|Any CPU.Build.0 = Release|Any CPU
		{EA042EE3-C4BF-4B59-BC5A-D06346A06706}.Debug|Any CPU.ActiveCfg = Debug|Any CPU
		{EA042EE3-C4BF-4B59-BC5A-D06346A06706}.Debug|Any CPU.Build.0 = Debug|Any CPU
		{EA042EE3-C4BF-4B59-BC5A-D06346A06706}.Release|Any CPU.ActiveCfg = Release|Any CPU
		{EA042EE3-C4BF-4B59-BC5A-D06346A06706}.Release|Any CPU.Build.0 = Release|Any CPU
		{A2870CE4-7765-460B-8441-5F81CAA72FD6}.Debug|Any CPU.ActiveCfg = Debug|Any CPU
		{A2870CE4-7765-460B-8441-5F81CAA72FD6}.Debug|Any CPU.Build.0 = Debug|Any CPU
		{A2870CE4-7765-460B-8441-5F81CAA72FD6}.Release|Any CPU.ActiveCfg = Release|Any CPU
		{A2870CE4-7765-460B-8441-5F81CAA72FD6}.Release|Any CPU.Build.0 = Release|Any CPU
	EndGlobalSection
	GlobalSection(SolutionProperties) = preSolution
		HideSolutionNode = FALSE
	EndGlobalSection
	GlobalSection(NestedProjects) = preSolution
		{159119C5-8B71-4A62-83D2-0C19E054D550} = {582D82DE-3E13-491D-88FE-1484247B59FF}
		{C54EB89B-963A-44C4-A71D-2498028C07FB} = {582D82DE-3E13-491D-88FE-1484247B59FF}
		{97F088F6-BDA2-442B-8A55-064D501619DD} = {582D82DE-3E13-491D-88FE-1484247B59FF}
		{2E52E4EA-02BC-428D-BC70-CA7FEE5F2FF1} = {E6571D27-D772-41C9-BAB4-06B1EE634CF9}
		{6E009040-BD88-4F30-8431-72381EBD8743} = {E6571D27-D772-41C9-BAB4-06B1EE634CF9}
		{A0E38DC9-C367-44FB-A736-EA0180FA1B89} = {E6571D27-D772-41C9-BAB4-06B1EE634CF9}
		{7F902F82-3B2C-4A57-960D-6136A30EF05B} = {E6571D27-D772-41C9-BAB4-06B1EE634CF9}
		{356DA82F-CB95-4F8D-BEDB-7C27AD74F7D9} = {E6571D27-D772-41C9-BAB4-06B1EE634CF9}
		{B1141133-D998-41E9-94BE-12FF54A56CD2} = {E6571D27-D772-41C9-BAB4-06B1EE634CF9}
		{F25F840D-6DCC-4258-AAB6-BA04086565AE} = {E6571D27-D772-41C9-BAB4-06B1EE634CF9}
		{B49B21D9-EEA7-46E5-9129-EF7136EA0DD5} = {E6571D27-D772-41C9-BAB4-06B1EE634CF9}
		{320725D7-C81F-4FA4-9C4F-CBAA7E1C373C} = {E6571D27-D772-41C9-BAB4-06B1EE634CF9}
		{A0A396CA-471D-4ED2-AF27-6232FA9822D8} = {E6571D27-D772-41C9-BAB4-06B1EE634CF9}
		{6AB56BB8-1ACA-4BC3-9BAA-0296A466A55D} = {E6571D27-D772-41C9-BAB4-06B1EE634CF9}
		{06662893-9329-4050-AF9B-28BBD7175780} = {58FDBCDA-B651-4229-A467-EBE0833C8D89}
		{EA042EE3-C4BF-4B59-BC5A-D06346A06706} = {58FDBCDA-B651-4229-A467-EBE0833C8D89}
		{A2870CE4-7765-460B-8441-5F81CAA72FD6} = {58FDBCDA-B651-4229-A467-EBE0833C8D89}
	EndGlobalSection
	GlobalSection(ExtensibilityGlobals) = postSolution
		SolutionGuid = {99445E59-64EF-4216-8CFB-C2913DED4465}
	EndGlobalSection
EndGlobal
