
Microsoft Visual Studio Solution File, Format Version 12.00
# Visual Studio Version 17
VisualStudioVersion = 17.11.35312.102
MinimumVisualStudioVersion = 10.0.40219.1
Project("{FAE04EC0-301F-11D3-BF4B-00C04F79EFBC}") = "PI_etapa1", "PI_etapa1\PI_etapa1.csproj", "{2632A0E5-379C-429D-89E8-B9A6F3EEAE6A}"
EndProject
Project("{FAE04EC0-301F-11D3-BF4B-00C04F79EFBC}") = "PI_etapa2", "PI_etapa2\PI_etapa2.csproj", "{0F92AB6E-6F90-4C25-B7AF-91633BEB6C0F}"
EndProject
Global
	GlobalSection(SolutionConfigurationPlatforms) = preSolution
		Debug|Any CPU = Debug|Any CPU
		Release|Any CPU = Release|Any CPU
	EndGlobalSection
	GlobalSection(ProjectConfigurationPlatforms) = postSolution
		{2632A0E5-379C-429D-89E8-B9A6F3EEAE6A}.Debug|Any CPU.ActiveCfg = Debug|Any CPU
		{2632A0E5-379C-429D-89E8-B9A6F3EEAE6A}.Debug|Any CPU.Build.0 = Debug|Any CPU
		{2632A0E5-379C-429D-89E8-B9A6F3EEAE6A}.Release|Any CPU.ActiveCfg = Release|Any CPU
		{2632A0E5-379C-429D-89E8-B9A6F3EEAE6A}.Release|Any CPU.Build.0 = Release|Any CPU
		{0F92AB6E-6F90-4C25-B7AF-91633BEB6C0F}.Debug|Any CPU.ActiveCfg = Debug|Any CPU
		{0F92AB6E-6F90-4C25-B7AF-91633BEB6C0F}.Debug|Any CPU.Build.0 = Debug|Any CPU
		{0F92AB6E-6F90-4C25-B7AF-91633BEB6C0F}.Release|Any CPU.ActiveCfg = Release|Any CPU
		{0F92AB6E-6F90-4C25-B7AF-91633BEB6C0F}.Release|Any CPU.Build.0 = Release|Any CPU
	EndGlobalSection
	GlobalSection(SolutionProperties) = preSolution
		HideSolutionNode = FALSE
	EndGlobalSection
	GlobalSection(ExtensibilityGlobals) = postSolution
		SolutionGuid = {621CC052-1E92-40A8-9B23-90E44DF12581}
	EndGlobalSection
EndGlobal
