
Microsoft Visual Studio Solution File, Format Version 12.00
# Visual Studio Version 17
VisualStudioVersion = 17.11.35312.102
MinimumVisualStudioVersion = 10.0.40219.1
Project("{FAE04EC0-301F-11D3-BF4B-00C04F79EFBC}") = "T01_estructuras", "T01_estructuras\T01_estructuras.csproj", "{BA53E262-1866-4108-9F53-B150A94194F5}"
EndProject
Project("{2150E333-8FDC-42A3-9474-1A3956D46DE8}") = "Teoria", "Teoria", "{6259626C-626A-4614-9A56-07EA6C7EC420}"
EndProject
Project("{FAE04EC0-301F-11D3-BF4B-00C04F79EFBC}") = "T02_inicializacionDirecta", "T02_inicializacionDirecta\T02_inicializacionDirecta.csproj", "{22BABB18-9BA1-48F9-9BB6-981F059D7B05}"
EndProject
Project("{FAE04EC0-301F-11D3-BF4B-00C04F79EFBC}") = "T03_inicializacionConstructor", "T03_inicializacionConstructor\T03_inicializacionConstructor.csproj", "{9E882F9E-F641-45E5-839A-AF956EB03A48}"
EndProject
Global
	GlobalSection(SolutionConfigurationPlatforms) = preSolution
		Debug|Any CPU = Debug|Any CPU
		Release|Any CPU = Release|Any CPU
	EndGlobalSection
	GlobalSection(ProjectConfigurationPlatforms) = postSolution
		{BA53E262-1866-4108-9F53-B150A94194F5}.Debug|Any CPU.ActiveCfg = Debug|Any CPU
		{BA53E262-1866-4108-9F53-B150A94194F5}.Debug|Any CPU.Build.0 = Debug|Any CPU
		{BA53E262-1866-4108-9F53-B150A94194F5}.Release|Any CPU.ActiveCfg = Release|Any CPU
		{BA53E262-1866-4108-9F53-B150A94194F5}.Release|Any CPU.Build.0 = Release|Any CPU
		{22BABB18-9BA1-48F9-9BB6-981F059D7B05}.Debug|Any CPU.ActiveCfg = Debug|Any CPU
		{22BABB18-9BA1-48F9-9BB6-981F059D7B05}.Debug|Any CPU.Build.0 = Debug|Any CPU
		{22BABB18-9BA1-48F9-9BB6-981F059D7B05}.Release|Any CPU.ActiveCfg = Release|Any CPU
		{22BABB18-9BA1-48F9-9BB6-981F059D7B05}.Release|Any CPU.Build.0 = Release|Any CPU
		{9E882F9E-F641-45E5-839A-AF956EB03A48}.Debug|Any CPU.ActiveCfg = Debug|Any CPU
		{9E882F9E-F641-45E5-839A-AF956EB03A48}.Debug|Any CPU.Build.0 = Debug|Any CPU
		{9E882F9E-F641-45E5-839A-AF956EB03A48}.Release|Any CPU.ActiveCfg = Release|Any CPU
		{9E882F9E-F641-45E5-839A-AF956EB03A48}.Release|Any CPU.Build.0 = Release|Any CPU
	EndGlobalSection
	GlobalSection(SolutionProperties) = preSolution
		HideSolutionNode = FALSE
	EndGlobalSection
	GlobalSection(NestedProjects) = preSolution
		{BA53E262-1866-4108-9F53-B150A94194F5} = {6259626C-626A-4614-9A56-07EA6C7EC420}
		{22BABB18-9BA1-48F9-9BB6-981F059D7B05} = {6259626C-626A-4614-9A56-07EA6C7EC420}
		{9E882F9E-F641-45E5-839A-AF956EB03A48} = {6259626C-626A-4614-9A56-07EA6C7EC420}
	EndGlobalSection
	GlobalSection(ExtensibilityGlobals) = postSolution
		SolutionGuid = {FCA10E5A-180A-4B76-8334-1EBAAFF027AD}
	EndGlobalSection
EndGlobal
