
Microsoft Visual Studio Solution File, Format Version 12.00
# Visual Studio Version 17
VisualStudioVersion = 17.11.35312.102
MinimumVisualStudioVersion = 10.0.40219.1
Project("{FAE04EC0-301F-11D3-BF4B-00C04F79EFBC}") = "T01_matrices", "T01_matrices\T01_matrices.csproj", "{BE14679C-91BA-4F78-9C0A-91A2A0202035}"
EndProject
Project("{2150E333-8FDC-42A3-9474-1A3956D46DE8}") = "Teoria", "Teoria", "{26F21C64-A307-4CF9-A8AE-C03B8F2A44B4}"
EndProject
Project("{FAE04EC0-301F-11D3-BF4B-00C04F79EFBC}") = "T02_promedio", "T02_promedio\T02_promedio.csproj", "{DFB39F83-1190-4182-A4CC-8C7EC8602182}"
EndProject
Project("{FAE04EC0-301F-11D3-BF4B-00C04F79EFBC}") = "T03_mayor", "T03_mayor\T03_mayor.csproj", "{62AE6A5D-555D-4000-BC86-F89774AF9152}"
EndProject
Project("{FAE04EC0-301F-11D3-BF4B-00C04F79EFBC}") = "T04_arrayBidimensional", "T04_arrayBidimensional\T04_arrayBidimensional.csproj", "{6ACBE745-EA0F-4387-B437-309125EF7862}"
EndProject
Project("{2150E333-8FDC-42A3-9474-1A3956D46DE8}") = "Laboratorio", "Laboratorio", "{73C5C28A-ADE6-4ABD-8701-33608ED3EE9A}"
EndProject
Project("{FAE04EC0-301F-11D3-BF4B-00C04F79EFBC}") = "LAB01_EJ01", "LAB01_EJ01\LAB01_EJ01.csproj", "{E3DA8B4E-8FB3-497B-8725-625CB700A4B0}"
EndProject
Project("{FAE04EC0-301F-11D3-BF4B-00C04F79EFBC}") = "LAB01_EJ02", "LAB01_EJ02\LAB01_EJ02.csproj", "{CF0EA695-CABA-45F1-A7D6-8FBFE294C38E}"
EndProject
Global
	GlobalSection(SolutionConfigurationPlatforms) = preSolution
		Debug|Any CPU = Debug|Any CPU
		Release|Any CPU = Release|Any CPU
	EndGlobalSection
	GlobalSection(ProjectConfigurationPlatforms) = postSolution
		{BE14679C-91BA-4F78-9C0A-91A2A0202035}.Debug|Any CPU.ActiveCfg = Debug|Any CPU
		{BE14679C-91BA-4F78-9C0A-91A2A0202035}.Debug|Any CPU.Build.0 = Debug|Any CPU
		{BE14679C-91BA-4F78-9C0A-91A2A0202035}.Release|Any CPU.ActiveCfg = Release|Any CPU
		{BE14679C-91BA-4F78-9C0A-91A2A0202035}.Release|Any CPU.Build.0 = Release|Any CPU
		{DFB39F83-1190-4182-A4CC-8C7EC8602182}.Debug|Any CPU.ActiveCfg = Debug|Any CPU
		{DFB39F83-1190-4182-A4CC-8C7EC8602182}.Debug|Any CPU.Build.0 = Debug|Any CPU
		{DFB39F83-1190-4182-A4CC-8C7EC8602182}.Release|Any CPU.ActiveCfg = Release|Any CPU
		{DFB39F83-1190-4182-A4CC-8C7EC8602182}.Release|Any CPU.Build.0 = Release|Any CPU
		{62AE6A5D-555D-4000-BC86-F89774AF9152}.Debug|Any CPU.ActiveCfg = Debug|Any CPU
		{62AE6A5D-555D-4000-BC86-F89774AF9152}.Debug|Any CPU.Build.0 = Debug|Any CPU
		{62AE6A5D-555D-4000-BC86-F89774AF9152}.Release|Any CPU.ActiveCfg = Release|Any CPU
		{62AE6A5D-555D-4000-BC86-F89774AF9152}.Release|Any CPU.Build.0 = Release|Any CPU
		{6ACBE745-EA0F-4387-B437-309125EF7862}.Debug|Any CPU.ActiveCfg = Debug|Any CPU
		{6ACBE745-EA0F-4387-B437-309125EF7862}.Debug|Any CPU.Build.0 = Debug|Any CPU
		{6ACBE745-EA0F-4387-B437-309125EF7862}.Release|Any CPU.ActiveCfg = Release|Any CPU
		{6ACBE745-EA0F-4387-B437-309125EF7862}.Release|Any CPU.Build.0 = Release|Any CPU
		{E3DA8B4E-8FB3-497B-8725-625CB700A4B0}.Debug|Any CPU.ActiveCfg = Debug|Any CPU
		{E3DA8B4E-8FB3-497B-8725-625CB700A4B0}.Debug|Any CPU.Build.0 = Debug|Any CPU
		{E3DA8B4E-8FB3-497B-8725-625CB700A4B0}.Release|Any CPU.ActiveCfg = Release|Any CPU
		{E3DA8B4E-8FB3-497B-8725-625CB700A4B0}.Release|Any CPU.Build.0 = Release|Any CPU
		{CF0EA695-CABA-45F1-A7D6-8FBFE294C38E}.Debug|Any CPU.ActiveCfg = Debug|Any CPU
		{CF0EA695-CABA-45F1-A7D6-8FBFE294C38E}.Debug|Any CPU.Build.0 = Debug|Any CPU
		{CF0EA695-CABA-45F1-A7D6-8FBFE294C38E}.Release|Any CPU.ActiveCfg = Release|Any CPU
		{CF0EA695-CABA-45F1-A7D6-8FBFE294C38E}.Release|Any CPU.Build.0 = Release|Any CPU
	EndGlobalSection
	GlobalSection(SolutionProperties) = preSolution
		HideSolutionNode = FALSE
	EndGlobalSection
	GlobalSection(NestedProjects) = preSolution
		{BE14679C-91BA-4F78-9C0A-91A2A0202035} = {26F21C64-A307-4CF9-A8AE-C03B8F2A44B4}
		{DFB39F83-1190-4182-A4CC-8C7EC8602182} = {26F21C64-A307-4CF9-A8AE-C03B8F2A44B4}
		{62AE6A5D-555D-4000-BC86-F89774AF9152} = {26F21C64-A307-4CF9-A8AE-C03B8F2A44B4}
		{6ACBE745-EA0F-4387-B437-309125EF7862} = {26F21C64-A307-4CF9-A8AE-C03B8F2A44B4}
		{E3DA8B4E-8FB3-497B-8725-625CB700A4B0} = {73C5C28A-ADE6-4ABD-8701-33608ED3EE9A}
		{CF0EA695-CABA-45F1-A7D6-8FBFE294C38E} = {73C5C28A-ADE6-4ABD-8701-33608ED3EE9A}
	EndGlobalSection
	GlobalSection(ExtensibilityGlobals) = postSolution
		SolutionGuid = {7BCAF0D0-DD54-4691-B326-5A2AC2BBF5FB}
	EndGlobalSection
EndGlobal
