
Microsoft Visual Studio Solution File, Format Version 12.00
# Visual Studio Version 17
VisualStudioVersion = 17.11.35312.102
MinimumVisualStudioVersion = 10.0.40219.1
Project("{FAE04EC0-301F-11D3-BF4B-00C04F79EFBC}") = "T01_desicionSimples", "T01_desicionSimples\T01_desicionSimples.csproj", "{59D3AB61-D167-44B9-9194-4F034363135D}"
EndProject
Project("{2150E333-8FDC-42A3-9474-1A3956D46DE8}") = "Teoria", "Teoria", "{C5BE9BE8-2207-4BE0-BD58-BDF9420392E8}"
EndProject
Project("{FAE04EC0-301F-11D3-BF4B-00C04F79EFBC}") = "T02_decisionDoble", "T02_decisionDoble\T02_decisionDoble.csproj", "{88B18BFD-2879-4E75-97A6-9F4BFCB42DFE}"
EndProject
Project("{FAE04EC0-301F-11D3-BF4B-00C04F79EFBC}") = "T03_decisionAnidada", "T03_decisionAnidada\T03_decisionAnidada.csproj", "{9D0481A0-B06C-47CC-B4FC-17D0BAF6B02B}"
EndProject
Project("{FAE04EC0-301F-11D3-BF4B-00C04F79EFBC}") = "T04_estructuraSwitch", "T04_estructuraSwitch\T04_estructuraSwitch.csproj", "{5F632327-BBAB-466F-AF7A-5C9A59265C88}"
EndProject
Project("{FAE04EC0-301F-11D3-BF4B-00C04F79EFBC}") = "T05_operadorTernario", "T05_operadorTernario\T05_operadorTernario.csproj", "{B1226B89-D962-402E-98A3-E5687412A981}"
EndProject
Project("{2150E333-8FDC-42A3-9474-1A3956D46DE8}") = "Laboratorio", "Laboratorio", "{99882D75-5F5C-4403-9FDC-D4B9E3DD0A78}"
EndProject
Project("{FAE04EC0-301F-11D3-BF4B-00C04F79EFBC}") = "LAB01_EJ01", "LAB01_EJ01\LAB01_EJ01.csproj", "{4834DC3F-1C6E-401E-8C7D-F56AF47901C5}"
EndProject
Project("{FAE04EC0-301F-11D3-BF4B-00C04F79EFBC}") = "LAB02_EJ01", "LAB02_EJ01\LAB02_EJ01.csproj", "{367485EC-B3BD-410E-89AB-22970C84A7D6}"
EndProject
Project("{FAE04EC0-301F-11D3-BF4B-00C04F79EFBC}") = "LAB02_EJ02", "LAB02_EJ02\LAB02_EJ02.csproj", "{F5A7DD31-D647-4D93-B4D3-83B26EB365A1}"
EndProject
Project("{FAE04EC0-301F-11D3-BF4B-00C04F79EFBC}") = "LAB02_EJ03", "LAB02_EJ03\LAB02_EJ03.csproj", "{F1765841-6084-42A2-8636-ACB8FC01FAE7}"
EndProject
Project("{FAE04EC0-301F-11D3-BF4B-00C04F79EFBC}") = "LAB03_EJ01", "LAB03_EJ01\LAB03_EJ01.csproj", "{38EFAE6A-F376-431E-8A85-E17FDA77F1F9}"
EndProject
Project("{FAE04EC0-301F-11D3-BF4B-00C04F79EFBC}") = "LAB04_EJ01", "LAB04_EJ01\LAB04_EJ01.csproj", "{97956C6A-767F-4D30-A088-4A5AE042C4B8}"
EndProject
Project("{FAE04EC0-301F-11D3-BF4B-00C04F79EFBC}") = "LAB04_EJ02", "LAB04_EJ02\LAB04_EJ02.csproj", "{D1A9D143-D843-40CB-8E57-C19DEA1CC116}"
EndProject
Project("{FAE04EC0-301F-11D3-BF4B-00C04F79EFBC}") = "LAB04_EJ03", "LAB04_EJ03\LAB04_EJ03.csproj", "{D91DD532-D092-4C46-B023-91C8C48FF1C8}"
EndProject
Project("{FAE04EC0-301F-11D3-BF4B-00C04F79EFBC}") = "LAB04_EJ04", "LAB04_EJ04\LAB04_EJ04.csproj", "{8CBF1160-9839-4EFF-B079-D662C421D970}"
EndProject
Project("{FAE04EC0-301F-11D3-BF4B-00C04F79EFBC}") = "LAB04_EJ05", "LAB04_EJ05\LAB04_EJ05.csproj", "{F8EBEC2D-2291-438D-8097-BDF5BC31E5BF}"
EndProject
Project("{FAE04EC0-301F-11D3-BF4B-00C04F79EFBC}") = "LAB04_EJ06", "LAB04_EJ06\LAB04_EJ06.csproj", "{0557B4C2-7605-4AFB-B235-F8E64A5A1606}"
EndProject
Project("{FAE04EC0-301F-11D3-BF4B-00C04F79EFBC}") = "LAB04_EJ07", "LAB04_EJ07\LAB04_EJ07.csproj", "{A7358C37-4037-4E01-9CA5-E1E02E76B999}"
EndProject
Project("{FAE04EC0-301F-11D3-BF4B-00C04F79EFBC}") = "LAB04_EJ08", "LAB04_EJ08\LAB04_EJ08.csproj", "{83A4C068-A826-4E89-A7E9-49CBC28063FC}"
EndProject
Project("{2150E333-8FDC-42A3-9474-1A3956D46DE8}") = "Desafios", "Desafios", "{B60D554A-C5BC-44DD-8BB6-86D04DDD7B3E}"
EndProject
Project("{FAE04EC0-301F-11D3-BF4B-00C04F79EFBC}") = "Desafio_01", "Desafio_01\Desafio_01.csproj", "{6B64D589-3B9D-4229-AE91-8C6E71575D49}"
EndProject
Project("{FAE04EC0-301F-11D3-BF4B-00C04F79EFBC}") = "Desafio_02", "Desafio_02\Desafio_02.csproj", "{901CA93F-6FE4-4909-A5A4-0C0B026DEF4E}"
EndProject
Project("{FAE04EC0-301F-11D3-BF4B-00C04F79EFBC}") = "Desafio_03", "Desafio_03\Desafio_03.csproj", "{F222594C-0B54-4A27-9C9E-285E0DC59012}"
EndProject
Global
	GlobalSection(SolutionConfigurationPlatforms) = preSolution
		Debug|Any CPU = Debug|Any CPU
		Release|Any CPU = Release|Any CPU
	EndGlobalSection
	GlobalSection(ProjectConfigurationPlatforms) = postSolution
		{59D3AB61-D167-44B9-9194-4F034363135D}.Debug|Any CPU.ActiveCfg = Debug|Any CPU
		{59D3AB61-D167-44B9-9194-4F034363135D}.Debug|Any CPU.Build.0 = Debug|Any CPU
		{59D3AB61-D167-44B9-9194-4F034363135D}.Release|Any CPU.ActiveCfg = Release|Any CPU
		{59D3AB61-D167-44B9-9194-4F034363135D}.Release|Any CPU.Build.0 = Release|Any CPU
		{88B18BFD-2879-4E75-97A6-9F4BFCB42DFE}.Debug|Any CPU.ActiveCfg = Debug|Any CPU
		{88B18BFD-2879-4E75-97A6-9F4BFCB42DFE}.Debug|Any CPU.Build.0 = Debug|Any CPU
		{88B18BFD-2879-4E75-97A6-9F4BFCB42DFE}.Release|Any CPU.ActiveCfg = Release|Any CPU
		{88B18BFD-2879-4E75-97A6-9F4BFCB42DFE}.Release|Any CPU.Build.0 = Release|Any CPU
		{9D0481A0-B06C-47CC-B4FC-17D0BAF6B02B}.Debug|Any CPU.ActiveCfg = Debug|Any CPU
		{9D0481A0-B06C-47CC-B4FC-17D0BAF6B02B}.Debug|Any CPU.Build.0 = Debug|Any CPU
		{9D0481A0-B06C-47CC-B4FC-17D0BAF6B02B}.Release|Any CPU.ActiveCfg = Release|Any CPU
		{9D0481A0-B06C-47CC-B4FC-17D0BAF6B02B}.Release|Any CPU.Build.0 = Release|Any CPU
		{5F632327-BBAB-466F-AF7A-5C9A59265C88}.Debug|Any CPU.ActiveCfg = Debug|Any CPU
		{5F632327-BBAB-466F-AF7A-5C9A59265C88}.Debug|Any CPU.Build.0 = Debug|Any CPU
		{5F632327-BBAB-466F-AF7A-5C9A59265C88}.Release|Any CPU.ActiveCfg = Release|Any CPU
		{5F632327-BBAB-466F-AF7A-5C9A59265C88}.Release|Any CPU.Build.0 = Release|Any CPU
		{B1226B89-D962-402E-98A3-E5687412A981}.Debug|Any CPU.ActiveCfg = Debug|Any CPU
		{B1226B89-D962-402E-98A3-E5687412A981}.Debug|Any CPU.Build.0 = Debug|Any CPU
		{B1226B89-D962-402E-98A3-E5687412A981}.Release|Any CPU.ActiveCfg = Release|Any CPU
		{B1226B89-D962-402E-98A3-E5687412A981}.Release|Any CPU.Build.0 = Release|Any CPU
		{4834DC3F-1C6E-401E-8C7D-F56AF47901C5}.Debug|Any CPU.ActiveCfg = Debug|Any CPU
		{4834DC3F-1C6E-401E-8C7D-F56AF47901C5}.Debug|Any CPU.Build.0 = Debug|Any CPU
		{4834DC3F-1C6E-401E-8C7D-F56AF47901C5}.Release|Any CPU.ActiveCfg = Release|Any CPU
		{4834DC3F-1C6E-401E-8C7D-F56AF47901C5}.Release|Any CPU.Build.0 = Release|Any CPU
		{367485EC-B3BD-410E-89AB-22970C84A7D6}.Debug|Any CPU.ActiveCfg = Debug|Any CPU
		{367485EC-B3BD-410E-89AB-22970C84A7D6}.Debug|Any CPU.Build.0 = Debug|Any CPU
		{367485EC-B3BD-410E-89AB-22970C84A7D6}.Release|Any CPU.ActiveCfg = Release|Any CPU
		{367485EC-B3BD-410E-89AB-22970C84A7D6}.Release|Any CPU.Build.0 = Release|Any CPU
		{F5A7DD31-D647-4D93-B4D3-83B26EB365A1}.Debug|Any CPU.ActiveCfg = Debug|Any CPU
		{F5A7DD31-D647-4D93-B4D3-83B26EB365A1}.Debug|Any CPU.Build.0 = Debug|Any CPU
		{F5A7DD31-D647-4D93-B4D3-83B26EB365A1}.Release|Any CPU.ActiveCfg = Release|Any CPU
		{F5A7DD31-D647-4D93-B4D3-83B26EB365A1}.Release|Any CPU.Build.0 = Release|Any CPU
		{F1765841-6084-42A2-8636-ACB8FC01FAE7}.Debug|Any CPU.ActiveCfg = Debug|Any CPU
		{F1765841-6084-42A2-8636-ACB8FC01FAE7}.Debug|Any CPU.Build.0 = Debug|Any CPU
		{F1765841-6084-42A2-8636-ACB8FC01FAE7}.Release|Any CPU.ActiveCfg = Release|Any CPU
		{F1765841-6084-42A2-8636-ACB8FC01FAE7}.Release|Any CPU.Build.0 = Release|Any CPU
		{38EFAE6A-F376-431E-8A85-E17FDA77F1F9}.Debug|Any CPU.ActiveCfg = Debug|Any CPU
		{38EFAE6A-F376-431E-8A85-E17FDA77F1F9}.Debug|Any CPU.Build.0 = Debug|Any CPU
		{38EFAE6A-F376-431E-8A85-E17FDA77F1F9}.Release|Any CPU.ActiveCfg = Release|Any CPU
		{38EFAE6A-F376-431E-8A85-E17FDA77F1F9}.Release|Any CPU.Build.0 = Release|Any CPU
		{97956C6A-767F-4D30-A088-4A5AE042C4B8}.Debug|Any CPU.ActiveCfg = Debug|Any CPU
		{97956C6A-767F-4D30-A088-4A5AE042C4B8}.Debug|Any CPU.Build.0 = Debug|Any CPU
		{97956C6A-767F-4D30-A088-4A5AE042C4B8}.Release|Any CPU.ActiveCfg = Release|Any CPU
		{97956C6A-767F-4D30-A088-4A5AE042C4B8}.Release|Any CPU.Build.0 = Release|Any CPU
		{D1A9D143-D843-40CB-8E57-C19DEA1CC116}.Debug|Any CPU.ActiveCfg = Debug|Any CPU
		{D1A9D143-D843-40CB-8E57-C19DEA1CC116}.Debug|Any CPU.Build.0 = Debug|Any CPU
		{D1A9D143-D843-40CB-8E57-C19DEA1CC116}.Release|Any CPU.ActiveCfg = Release|Any CPU
		{D1A9D143-D843-40CB-8E57-C19DEA1CC116}.Release|Any CPU.Build.0 = Release|Any CPU
		{D91DD532-D092-4C46-B023-91C8C48FF1C8}.Debug|Any CPU.ActiveCfg = Debug|Any CPU
		{D91DD532-D092-4C46-B023-91C8C48FF1C8}.Debug|Any CPU.Build.0 = Debug|Any CPU
		{D91DD532-D092-4C46-B023-91C8C48FF1C8}.Release|Any CPU.ActiveCfg = Release|Any CPU
		{D91DD532-D092-4C46-B023-91C8C48FF1C8}.Release|Any CPU.Build.0 = Release|Any CPU
		{8CBF1160-9839-4EFF-B079-D662C421D970}.Debug|Any CPU.ActiveCfg = Debug|Any CPU
		{8CBF1160-9839-4EFF-B079-D662C421D970}.Debug|Any CPU.Build.0 = Debug|Any CPU
		{8CBF1160-9839-4EFF-B079-D662C421D970}.Release|Any CPU.ActiveCfg = Release|Any CPU
		{8CBF1160-9839-4EFF-B079-D662C421D970}.Release|Any CPU.Build.0 = Release|Any CPU
		{F8EBEC2D-2291-438D-8097-BDF5BC31E5BF}.Debug|Any CPU.ActiveCfg = Debug|Any CPU
		{F8EBEC2D-2291-438D-8097-BDF5BC31E5BF}.Debug|Any CPU.Build.0 = Debug|Any CPU
		{F8EBEC2D-2291-438D-8097-BDF5BC31E5BF}.Release|Any CPU.ActiveCfg = Release|Any CPU
		{F8EBEC2D-2291-438D-8097-BDF5BC31E5BF}.Release|Any CPU.Build.0 = Release|Any CPU
		{0557B4C2-7605-4AFB-B235-F8E64A5A1606}.Debug|Any CPU.ActiveCfg = Debug|Any CPU
		{0557B4C2-7605-4AFB-B235-F8E64A5A1606}.Debug|Any CPU.Build.0 = Debug|Any CPU
		{0557B4C2-7605-4AFB-B235-F8E64A5A1606}.Release|Any CPU.ActiveCfg = Release|Any CPU
		{0557B4C2-7605-4AFB-B235-F8E64A5A1606}.Release|Any CPU.Build.0 = Release|Any CPU
		{A7358C37-4037-4E01-9CA5-E1E02E76B999}.Debug|Any CPU.ActiveCfg = Debug|Any CPU
		{A7358C37-4037-4E01-9CA5-E1E02E76B999}.Debug|Any CPU.Build.0 = Debug|Any CPU
		{A7358C37-4037-4E01-9CA5-E1E02E76B999}.Release|Any CPU.ActiveCfg = Release|Any CPU
		{A7358C37-4037-4E01-9CA5-E1E02E76B999}.Release|Any CPU.Build.0 = Release|Any CPU
		{83A4C068-A826-4E89-A7E9-49CBC28063FC}.Debug|Any CPU.ActiveCfg = Debug|Any CPU
		{83A4C068-A826-4E89-A7E9-49CBC28063FC}.Debug|Any CPU.Build.0 = Debug|Any CPU
		{83A4C068-A826-4E89-A7E9-49CBC28063FC}.Release|Any CPU.ActiveCfg = Release|Any CPU
		{83A4C068-A826-4E89-A7E9-49CBC28063FC}.Release|Any CPU.Build.0 = Release|Any CPU
		{6B64D589-3B9D-4229-AE91-8C6E71575D49}.Debug|Any CPU.ActiveCfg = Debug|Any CPU
		{6B64D589-3B9D-4229-AE91-8C6E71575D49}.Debug|Any CPU.Build.0 = Debug|Any CPU
		{6B64D589-3B9D-4229-AE91-8C6E71575D49}.Release|Any CPU.ActiveCfg = Release|Any CPU
		{6B64D589-3B9D-4229-AE91-8C6E71575D49}.Release|Any CPU.Build.0 = Release|Any CPU
		{901CA93F-6FE4-4909-A5A4-0C0B026DEF4E}.Debug|Any CPU.ActiveCfg = Debug|Any CPU
		{901CA93F-6FE4-4909-A5A4-0C0B026DEF4E}.Debug|Any CPU.Build.0 = Debug|Any CPU
		{901CA93F-6FE4-4909-A5A4-0C0B026DEF4E}.Release|Any CPU.ActiveCfg = Release|Any CPU
		{901CA93F-6FE4-4909-A5A4-0C0B026DEF4E}.Release|Any CPU.Build.0 = Release|Any CPU
		{F222594C-0B54-4A27-9C9E-285E0DC59012}.Debug|Any CPU.ActiveCfg = Debug|Any CPU
		{F222594C-0B54-4A27-9C9E-285E0DC59012}.Debug|Any CPU.Build.0 = Debug|Any CPU
		{F222594C-0B54-4A27-9C9E-285E0DC59012}.Release|Any CPU.ActiveCfg = Release|Any CPU
		{F222594C-0B54-4A27-9C9E-285E0DC59012}.Release|Any CPU.Build.0 = Release|Any CPU
	EndGlobalSection
	GlobalSection(SolutionProperties) = preSolution
		HideSolutionNode = FALSE
	EndGlobalSection
	GlobalSection(NestedProjects) = preSolution
		{59D3AB61-D167-44B9-9194-4F034363135D} = {C5BE9BE8-2207-4BE0-BD58-BDF9420392E8}
		{88B18BFD-2879-4E75-97A6-9F4BFCB42DFE} = {C5BE9BE8-2207-4BE0-BD58-BDF9420392E8}
		{9D0481A0-B06C-47CC-B4FC-17D0BAF6B02B} = {C5BE9BE8-2207-4BE0-BD58-BDF9420392E8}
		{5F632327-BBAB-466F-AF7A-5C9A59265C88} = {C5BE9BE8-2207-4BE0-BD58-BDF9420392E8}
		{B1226B89-D962-402E-98A3-E5687412A981} = {C5BE9BE8-2207-4BE0-BD58-BDF9420392E8}
		{4834DC3F-1C6E-401E-8C7D-F56AF47901C5} = {99882D75-5F5C-4403-9FDC-D4B9E3DD0A78}
		{367485EC-B3BD-410E-89AB-22970C84A7D6} = {99882D75-5F5C-4403-9FDC-D4B9E3DD0A78}
		{F5A7DD31-D647-4D93-B4D3-83B26EB365A1} = {99882D75-5F5C-4403-9FDC-D4B9E3DD0A78}
		{F1765841-6084-42A2-8636-ACB8FC01FAE7} = {99882D75-5F5C-4403-9FDC-D4B9E3DD0A78}
		{38EFAE6A-F376-431E-8A85-E17FDA77F1F9} = {99882D75-5F5C-4403-9FDC-D4B9E3DD0A78}
		{97956C6A-767F-4D30-A088-4A5AE042C4B8} = {99882D75-5F5C-4403-9FDC-D4B9E3DD0A78}
		{D1A9D143-D843-40CB-8E57-C19DEA1CC116} = {99882D75-5F5C-4403-9FDC-D4B9E3DD0A78}
		{D91DD532-D092-4C46-B023-91C8C48FF1C8} = {99882D75-5F5C-4403-9FDC-D4B9E3DD0A78}
		{8CBF1160-9839-4EFF-B079-D662C421D970} = {99882D75-5F5C-4403-9FDC-D4B9E3DD0A78}
		{F8EBEC2D-2291-438D-8097-BDF5BC31E5BF} = {99882D75-5F5C-4403-9FDC-D4B9E3DD0A78}
		{0557B4C2-7605-4AFB-B235-F8E64A5A1606} = {99882D75-5F5C-4403-9FDC-D4B9E3DD0A78}
		{A7358C37-4037-4E01-9CA5-E1E02E76B999} = {99882D75-5F5C-4403-9FDC-D4B9E3DD0A78}
		{83A4C068-A826-4E89-A7E9-49CBC28063FC} = {99882D75-5F5C-4403-9FDC-D4B9E3DD0A78}
		{6B64D589-3B9D-4229-AE91-8C6E71575D49} = {B60D554A-C5BC-44DD-8BB6-86D04DDD7B3E}
		{901CA93F-6FE4-4909-A5A4-0C0B026DEF4E} = {B60D554A-C5BC-44DD-8BB6-86D04DDD7B3E}
		{F222594C-0B54-4A27-9C9E-285E0DC59012} = {B60D554A-C5BC-44DD-8BB6-86D04DDD7B3E}
	EndGlobalSection
	GlobalSection(ExtensibilityGlobals) = postSolution
		SolutionGuid = {CDC5A3DF-0C53-4C44-9B8F-A04E8FC0B01D}
	EndGlobalSection
EndGlobal
